{
    "_meta": {
        "hash": {
            "sha256": "c37697aeb183bb8729a786eb7cd40ae673b32d089208e3f3f94072cb38f2ee41"
        },
        "pipfile-spec": 6,
        "requires": {
            "python_version": "3.14"
        },
        "sources": [
            {
                "name": "pypi",
                "url": "https://pypi.org/simple",
                "verify_ssl": true
            }
        ]
    },
    "default": {
        "asgiref": {
            "hashes": [
                "sha256:13acff32519542a1736223fb79a715acdebe24286d98e8b164a73085f40da2c4",
                "sha256:1db9021efadb0d9512ce8ffaf72fcef601c7b73a8807a1bb2ef143dc6b14846d"
            ],
            "markers": "python_version >= '3.9'",
            "version": "==3.11.0"
        },
        "django": {
            "hashes": [
                "sha256:a92a4ff14f664a896f9849009cb8afaca7abe0d6fc53325f3d1895a15253433d",
                "sha256:ed76a7af4da21551573b3d9dfc1f53e20dd2e6c7d70a3adc93eedb6338130a5f"
            ],
            "index": "pypi",
            "markers": "python_version >= '3.12'",
            "version": "==6.0.1"
        },
        "gunicorn": {
            "hashes": [
                "sha256:757f6b621fc4f7581a90600b2cd9df593461f06a41d7259cb9b94499dc4095a8",
                "sha256:f006d110e5cb3102859b4f5cd48335dbd9cc28d0d27cd24ddbdafa6c60929408"
            ],
            "index": "pypi",
            "markers": "python_version >= '3.10'",
            "version": "==24.1.1"
        },
        "packaging": {
            "hashes": [
                "sha256:00243ae351a257117b6a241061796684b084ed1c516a08c48a3f7e147a9d80b4",
                "sha256:b36f1fef9334a5588b4166f8bcd26a14e521f2b55e6b9de3aaa80d3ff7a37529"
            ],
            "markers": "python_version >= '3.8'",
            "version": "==26.0"
        },
        "sqlparse": {
            "hashes": [
                "sha256:12a08b3bf3eec877c519589833aed092e2444e68240a3577e8e26148acc7b1ba",
                "sha256:e20d4a9b0b8585fdf63b10d30066c7c94c5d7a7ec47c889a2d83a3caa93ff28e"
            ],
            "markers": "python_version >= '3.8'",
            "version": "==0.5.5"
        },
        "tzdata": {
            "hashes": [
                "sha256:06a47e5700f3081aab02b2e513160914ff0694bce9947d6b76ebd6bf57cfc5d1",
                "sha256:de39c2ca5dc7b0344f2eba86f49d614019d29f060fc4ebc8a417896a620b56a7"
            ],
            "markers": "python_version >= '2'",
            "version": "==2025.3"
        },
        "whitenoise": {
            "hashes": [
                "sha256:0f5bfce6061ae6611cd9396a8231e088722e4fc67bc13a111be74c738d99375f",
                "sha256:b2aeb45950597236f53b5342b3121c5de69c8da0109362aee506ce88e022d258"
            ],
            "index": "pypi",
            "markers": "python_version >= '3.9'",
            "version": "==6.11.0"
        }
    },
    "develop": {}
}
